{
  "lockfile_version": "1",
  "packages": {
    "bat@latest": {
      "last_modified": "2023-12-13T22:54:10Z",
      "resolved": "github:NixOS/nixpkgs/fd04bea4cbf76f86f244b9e2549fca066db8ddff#bat",
      "source": "devbox-search",
      "version": "0.24.0",
      "systems": {
        "aarch64-darwin": {
          "store_path": "/nix/store/jvzjjz8nrgqayqhmfha26a77s2kha82j-bat-0.24.0"
        },
        "aarch64-linux": {
          "store_path": "/nix/store/g311flxny2wf0q5gvm5q6jx8k4lrb9rs-bat-0.24.0"
        },
        "x86_64-darwin": {
          "store_path": "/nix/store/zmh1qs2jsf3nl0sqkqcxa0dhmj2nkv3g-bat-0.24.0"
        },
        "x86_64-linux": {
          "store_path": "/nix/store/6bfrl12gxhk77djk3cmgwf0brfi1185m-bat-0.24.0"
        }
      }
    },
    "curl@latest": {
      "last_modified": "2023-12-31T07:44:09Z",
      "resolved": "github:NixOS/nixpkgs/d44d59d2b5bd694cd9d996fd8c51d03e3e9ba7f7#curl",
      "source": "devbox-search",
      "version": "8.4.0",
      "systems": {
        "aarch64-darwin": {
          "store_path": "/nix/store/wnq7f4ysrjkyj58sly36rg01x98kh0qs-curl-8.4.0-bin"
        },
        "aarch64-linux": {
          "store_path": "/nix/store/llfg6h6cj2hv1zmnlg0xakqgdwirdi0c-curl-8.4.0-bin"
        },
        "x86_64-darwin": {
          "store_path": "/nix/store/nzxidvbc4i1hnxf5nqmj6lmba5habf58-curl-8.4.0-bin"
        },
        "x86_64-linux": {
          "store_path": "/nix/store/0mjq6w6cx1k9907vxm0k5pk7pm1ifib3-curl-8.4.0-bin"
        }
      }
    },
    "delta@latest": {
      "last_modified": "2023-12-13T22:54:10Z",
      "resolved": "github:NixOS/nixpkgs/fd04bea4cbf76f86f244b9e2549fca066db8ddff#delta",
      "source": "devbox-search",
      "version": "0.16.5",
      "systems": {
        "aarch64-darwin": {
          "store_path": "/nix/store/1p2fzzvq6n4jmjffckh516059i81x8f0-delta-0.16.5"
        },
        "aarch64-linux": {
          "store_path": "/nix/store/bj9prkkv53c9cj7hkqrsz5kdpir3cg03-delta-0.16.5"
        },
        "x86_64-darwin": {
          "store_path": "/nix/store/rdnq75ljaxgj6q5mzgdps69qvr10hi6p-delta-0.16.5"
        },
        "x86_64-linux": {
          "store_path": "/nix/store/n3y85wr89zyaj3mbcnsnb0ql5bv0pbxx-delta-0.16.5"
        }
      }
    },
    "exa@latest": {
      "last_modified": "2023-09-06T20:35:33Z",
      "resolved": "github:NixOS/nixpkgs/efd23a1c9ae8c574e2ca923c2b2dc336797f4cc4#exa",
      "source": "devbox-search",
      "version": "2023-03-01",
      "systems": {
        "aarch64-darwin": {
          "store_path": "/nix/store/b8gn0ypb3wd82673iahqk099ifriflyq-exa-unstable-2023-03-01"
        },
        "aarch64-linux": {
          "store_path": "/nix/store/baaa6q31c6y8nc88h0grvj6357lq01gj-exa-unstable-2023-03-01"
        },
        "x86_64-darwin": {
          "store_path": "/nix/store/sdqspvbzvs1d1kvfkwj4yngwywdc1s8r-exa-unstable-2023-03-01"
        },
        "x86_64-linux": {
          "store_path": "/nix/store/9rcc6z61paivss0g7d96izw7zqmg21gx-exa-unstable-2023-03-01"
        }
      }
    },
    "fd@latest": {
      "last_modified": "2023-12-20T09:10:46Z",
      "resolved": "github:NixOS/nixpkgs/7c33cd6bf01cf09f77bfdf6741cddfffa2cd5640#fd",
      "source": "devbox-search",
      "version": "9.0.0",
      "systems": {
        "aarch64-darwin": {
          "store_path": "/nix/store/z67n3zm06ax9928mz1jx5qmzg0hys2f8-fd-9.0.0"
        },
        "aarch64-linux": {
          "store_path": "/nix/store/jq9ipllh4cwqmlvhhnkkn93k86y2vkyl-fd-9.0.0"
        },
        "x86_64-darwin": {
          "store_path": "/nix/store/jxax7r7gjyv7hxnryyxcl99d5i4z5lj8-fd-9.0.0"
        },
        "x86_64-linux": {
          "store_path": "/nix/store/dc07a530zi9qw2bv56bvrab8fqbv81m6-fd-9.0.0"
        }
      }
    },
    "ffmpeg@latest": {
      "last_modified": "2023-12-21T04:58:04Z",
      "resolved": "github:NixOS/nixpkgs/d6863cbcbbb80e71cecfc03356db1cda38919523#ffmpeg",
      "source": "devbox-search",
      "version": "6.0",
      "systems": {
        "aarch64-darwin": {
          "store_path": "/nix/store/9yix09f6frzjcmjnf18pphrsb4g3cwzy-ffmpeg-6.0-bin"
        },
        "aarch64-linux": {
          "store_path": "/nix/store/w83l3yafhcjmdpv07hx7z1yiwp07cyki-ffmpeg-6.0-bin"
        },
        "x86_64-darwin": {
          "store_path": "/nix/store/bb6vzrq2amanp4gfajqwrzp1iwk4v5qi-ffmpeg-6.0-bin"
        },
        "x86_64-linux": {
          "store_path": "/nix/store/4a16qm4yzqbfg016a2m1rk3mv6vdgy0a-ffmpeg-6.0-bin"
        }
      }
    },
    "fzf@latest": {
      "last_modified": "2024-01-02T02:19:20Z",
      "resolved": "github:NixOS/nixpkgs/63143ac2c9186be6d9da6035fa22620018c85932#fzf",
      "source": "devbox-search",
      "version": "0.45.0",
      "systems": {
        "aarch64-darwin": {
          "store_path": "/nix/store/yq6zg7gli3i93mmrd9dxbb7kwnqlbrga-fzf-0.45.0"
        },
        "aarch64-linux": {
          "store_path": "/nix/store/rsb77ysh86kr8a8v9kjgp30y591zzwz7-fzf-0.45.0"
        },
        "x86_64-darwin": {
          "store_path": "/nix/store/777rd0hwbdmbc1zcilihi972q5kl7m6k-fzf-0.45.0"
        },
        "x86_64-linux": {
          "store_path": "/nix/store/rg6aa8qnkhkkmc7afx43c7aqiyv3623h-fzf-0.45.0"
        }
      }
    },
    "gh@latest": {
      "last_modified": "2023-12-18T02:58:18Z",
      "resolved": "github:NixOS/nixpkgs/ca16221251951e9c6261a1a2bb4f9389038d3632#gh",
      "source": "devbox-search",
      "version": "2.40.1",
      "systems": {
        "aarch64-darwin": {
          "store_path": "/nix/store/1267zpbprvzl8i57pcpwrcavy3nd1wr7-gh-2.40.1"
        },
        "aarch64-linux": {
          "store_path": "/nix/store/567fpv062xzsg15xwa5pjc45477z0x2d-gh-2.40.1"
        },
        "x86_64-darwin": {
          "store_path": "/nix/store/zbhzd6rb3sd47dd86l7rmyn6992xbqdn-gh-2.40.1"
        },
        "x86_64-linux": {
          "store_path": "/nix/store/rzbjspmdr6x238qnpb6qrl983sdz70hx-gh-2.40.1"
        }
      }
    },
    "git": {
      "resolved": "github:NixOS/nixpkgs/75a52265bda7fd25e06e3a67dee3f0354e73243c#git",
      "source": "nixpkg"
    },
    "git-extras@latest": {
      "last_modified": "2023-12-13T22:54:10Z",
      "resolved": "github:NixOS/nixpkgs/fd04bea4cbf76f86f244b9e2549fca066db8ddff#git-extras",
      "source": "devbox-search",
      "version": "7.1.0",
      "systems": {
        "aarch64-darwin": {
          "store_path": "/nix/store/v4w41sbdvr69adhirn8z8ah8xzri4flp-git-extras-7.1.0"
        },
        "aarch64-linux": {
          "store_path": "/nix/store/57m08zg2d92argciyzp054lrabj4gwnm-git-extras-7.1.0"
        },
        "x86_64-darwin": {
          "store_path": "/nix/store/8gfwsxk3qb7k82qykyh86g0nk7n1r40m-git-extras-7.1.0"
        },
        "x86_64-linux": {
          "store_path": "/nix/store/90hpv4nbx2fjq3a1nz70k3p6sshp2mri-git-extras-7.1.0"
        }
      }
    },
    "git-lfs@latest": {
      "last_modified": "2023-12-18T02:58:18Z",
      "resolved": "github:NixOS/nixpkgs/ca16221251951e9c6261a1a2bb4f9389038d3632#git-lfs",
      "source": "devbox-search",
      "version": "3.4.1",
      "systems": {
        "aarch64-darwin": {
          "store_path": "/nix/store/0gxlcg07nyxff2214m60bhnzhlma4llk-git-lfs-3.4.1"
        },
        "aarch64-linux": {
          "store_path": "/nix/store/5s1fxql1xvma3mr5rxc7ald1b607frzr-git-lfs-3.4.1"
        },
        "x86_64-darwin": {
          "store_path": "/nix/store/qwi0h3r1ywl60zvgjjc14r8dqkkfd9rw-git-lfs-3.4.1"
        },
        "x86_64-linux": {
          "store_path": "/nix/store/bhps53hd2705mc35cmy9im2ncba6d9za-git-lfs-3.4.1"
        }
      }
    },
    "httpie@latest": {
      "last_modified": "2023-12-13T22:54:10Z",
      "resolved": "github:NixOS/nixpkgs/fd04bea4cbf76f86f244b9e2549fca066db8ddff#httpie",
      "source": "devbox-search",
      "version": "3.2.2",
      "systems": {
        "aarch64-darwin": {
          "store_path": "/nix/store/fa1rr2k8kaw0rymx77lcwhx5s8fzz0ak-python3.11-httpie-3.2.2"
        },
        "aarch64-linux": {
          "store_path": "/nix/store/4q5pn4szxgblwlmrikdsqmpa0k59agdn-python3.11-httpie-3.2.2"
        },
        "x86_64-darwin": {
          "store_path": "/nix/store/y1dlnzqcn89qhzwp1i6adwhak79ilbh6-python3.11-httpie-3.2.2"
        },
        "x86_64-linux": {
          "store_path": "/nix/store/szlfyhs70kwcns8nv9vh1qz8nf58m297-python3.11-httpie-3.2.2"
        }
      }
    },
    "imagemagick@latest": {
      "last_modified": "2024-01-02T02:19:20Z",
      "resolved": "github:NixOS/nixpkgs/63143ac2c9186be6d9da6035fa22620018c85932#imagemagick",
      "source": "devbox-search",
      "version": "7.1.1-24",
      "systems": {
        "aarch64-darwin": {
          "store_path": "/nix/store/rx8a6kkqsrn98x1a7nds92bz7irx5iw2-imagemagick-7.1.1-24"
        },
        "aarch64-linux": {
          "store_path": "/nix/store/pk5533qk3kwa8pav3dlhpgdn7g7dhpb5-imagemagick-7.1.1-24"
        },
        "x86_64-darwin": {
          "store_path": "/nix/store/kb638wq93y11s94gyg4cd6cdpcyqzj5n-imagemagick-7.1.1-24"
        },
        "x86_64-linux": {
          "store_path": "/nix/store/vdmn430si0zgh61arp2g0qaixkqphffm-imagemagick-7.1.1-24"
        }
      }
    },
    "jq@latest": {
      "last_modified": "2024-01-02T02:19:20Z",
      "resolved": "github:NixOS/nixpkgs/63143ac2c9186be6d9da6035fa22620018c85932#jq",
      "source": "devbox-search",
      "version": "1.7",
      "systems": {
        "aarch64-darwin": {
          "store_path": "/nix/store/38hrq70jzqsq81v7gim7j3q45955186l-jq-1.7-bin"
        },
        "aarch64-linux": {
          "store_path": "/nix/store/7p5qb1x5zdsvk2dyzxw4drfrchichpgs-jq-1.7-bin"
        },
        "x86_64-darwin": {
          "store_path": "/nix/store/z9qssj644qgmfyhj6flqspkrdi5lrhbp-jq-1.7-bin"
        },
        "x86_64-linux": {
          "store_path": "/nix/store/xdmynnfk2f5c8z39wrh7h216lhh91bjq-jq-1.7-bin"
        }
      }
    },
    "lazydocker@latest": {
      "last_modified": "2023-12-13T22:54:10Z",
      "resolved": "github:NixOS/nixpkgs/fd04bea4cbf76f86f244b9e2549fca066db8ddff#lazydocker",
      "source": "devbox-search",
      "version": "0.23.1",
      "systems": {
        "aarch64-darwin": {
          "store_path": "/nix/store/6831x8shfdh1h5qzirrcqh1y08fs79c0-lazydocker-0.23.1"
        },
        "aarch64-linux": {
          "store_path": "/nix/store/9a56wbscdax4zz0x6kgm9lva4x9mgypl-lazydocker-0.23.1"
        },
        "x86_64-darwin": {
          "store_path": "/nix/store/7bmqm13c16r0bvjxrbz2nblagl3f5lgg-lazydocker-0.23.1"
        },
        "x86_64-linux": {
          "store_path": "/nix/store/dam9v5p1l7w0gz6rs8zj59pyizsiqi8g-lazydocker-0.23.1"
        }
      }
    },
    "lazygit": {
      "resolved": "github:NixOS/nixpkgs/75a52265bda7fd25e06e3a67dee3f0354e73243c#lazygit",
      "source": "nixpkg"
    },
    "mcfly@latest": {
      "last_modified": "2023-12-31T07:44:09Z",
      "resolved": "github:NixOS/nixpkgs/d44d59d2b5bd694cd9d996fd8c51d03e3e9ba7f7#mcfly",
      "source": "devbox-search",
      "version": "0.8.4",
      "systems": {
        "aarch64-darwin": {
          "store_path": "/nix/store/jkwzqhvmy0g7h43xv122xjrqzr2f7gd0-mcfly-0.8.4"
        },
        "aarch64-linux": {
          "store_path": "/nix/store/r6ld2p6k3fgccx155vgfw1yggsgpk9zf-mcfly-0.8.4"
        },
        "x86_64-darwin": {
          "store_path": "/nix/store/lzkh4hv9k23mzgpki334rdl34mwqbvf0-mcfly-0.8.4"
        },
        "x86_64-linux": {
          "store_path": "/nix/store/m0z71g14l6jpv0rg7pygb3r73yprw5h2-mcfly-0.8.4"
        }
      }
    },
    "neovim@latest": {
      "last_modified": "2024-01-02T02:19:20Z",
      "resolved": "github:NixOS/nixpkgs/63143ac2c9186be6d9da6035fa22620018c85932#neovim",
      "source": "devbox-search",
      "version": "0.9.5",
      "systems": {
        "aarch64-darwin": {
          "store_path": "/nix/store/ndkff8a7j3lra6199dpafwhwiwravf2c-neovim-0.9.5"
        },
        "aarch64-linux": {
          "store_path": "/nix/store/8amsxyk4b2ni8gnp3cw8qq84nbj1aqkf-neovim-0.9.5"
        },
        "x86_64-darwin": {
          "store_path": "/nix/store/pxjz4xmf7nw3pkw6bz1z1jmhw8zr3qgd-neovim-0.9.5"
        },
        "x86_64-linux": {
          "store_path": "/nix/store/vwx0g4f80gcyli36rjdlc5i825cv3qif-neovim-0.9.5"
        }
      }
    },
    "nnn@latest": {
      "last_modified": "2023-12-13T22:54:10Z",
      "resolved": "github:NixOS/nixpkgs/fd04bea4cbf76f86f244b9e2549fca066db8ddff#nnn",
      "source": "devbox-search",
      "version": "4.9",
      "systems": {
        "aarch64-darwin": {
          "store_path": "/nix/store/06nlmj2drksxh8rvfycjgqghxfl8ls8d-nnn-4.9"
        },
        "aarch64-linux": {
          "store_path": "/nix/store/qy99zic5yw7q4c6kr27bwrfaqyznl2jm-nnn-4.9"
        },
        "x86_64-darwin": {
          "store_path": "/nix/store/lhc8gvq2avkikgla9wm7wvcyh49fczsp-nnn-4.9"
        },
        "x86_64-linux": {
          "store_path": "/nix/store/315s4grb6976s3ls1qillhn6s2vqwmwd-nnn-4.9"
        }
      }
    },
    "nodejs@latest": {
      "last_modified": "2023-12-25T10:13:25Z",
      "resolved": "github:NixOS/nixpkgs/e1fa12d4f6c6fe19ccb59cac54b5b3f25e160870#nodejs_21",
      "source": "devbox-search",
      "version": "21.5.0",
      "systems": {
        "aarch64-darwin": {
          "store_path": "/nix/store/v8vw6h0agr1687qp1azgffg4h172w2ap-nodejs-21.5.0"
        },
        "aarch64-linux": {
          "store_path": "/nix/store/wrgj8cbi8j99k1v9g2kddil5dwnjcjzp-nodejs-21.5.0"
        },
        "x86_64-darwin": {
          "store_path": "/nix/store/cc7bhvkx351rsfx7wja5wxnqxis4mj9g-nodejs-21.5.0"
        },
        "x86_64-linux": {
          "store_path": "/nix/store/jra6nl09vh0grv4s7m3q778havhs1l6i-nodejs-21.5.0"
        }
      }
    },
    "poetry@latest": {
      "last_modified": "2023-12-13T22:54:10Z",
      "plugin_version": "0.0.4",
      "resolved": "github:NixOS/nixpkgs/fd04bea4cbf76f86f244b9e2549fca066db8ddff#poetry",
      "source": "devbox-search",
      "version": "1.7.1",
      "systems": {
        "aarch64-darwin": {
          "store_path": "/nix/store/xdp0dyglkkfrny00ij665wg1jgywy0lj-python3.11-poetry-1.7.1"
        },
        "aarch64-linux": {
          "store_path": "/nix/store/0bwwm54qxchxnrn34h6qflx9cvgpmcwc-python3.11-poetry-1.7.1"
        },
        "x86_64-darwin": {
          "store_path": "/nix/store/vwlkmaxd6cx8w3a7b4lb0iljqwdxbv74-python3.11-poetry-1.7.1"
        },
        "x86_64-linux": {
          "store_path": "/nix/store/22if7pp1p4l03lgxi3ix5nam7dg4isjm-python3.11-poetry-1.7.1"
        }
      }
    },
    "python@3.11": {
      "last_modified": "2023-12-13T22:54:10Z",
      "plugin_version": "0.0.3",
      "resolved": "github:NixOS/nixpkgs/fd04bea4cbf76f86f244b9e2549fca066db8ddff#python3",
      "source": "devbox-search",
      "version": "3.11.6",
      "systems": {
        "aarch64-darwin": {
          "store_path": "/nix/store/z0nnwdh4p692yvf3qgwgj3bn78w99q6y-python3-3.11.6"
        },
        "aarch64-linux": {
          "store_path": "/nix/store/v4ln57kzvq6c3q2041xmgig8vyh5nm20-python3-3.11.6"
        },
        "x86_64-darwin": {
          "store_path": "/nix/store/rfqs6lmm832yp3aqihsjdfvvs0wvr1a5-python3-3.11.6"
        },
        "x86_64-linux": {
          "store_path": "/nix/store/5k91mg4qjylxbfvrv748smfh51ppjq0g-python3-3.11.6"
        }
      }
    },
    "ripgrep": {
      "resolved": "github:NixOS/nixpkgs/75a52265bda7fd25e06e3a67dee3f0354e73243c#ripgrep",
      "source": "nixpkg"
    },
    "telnet@latest": {
      "last_modified": "2022-02-15T04:21:50Z",
      "resolved": "github:NixOS/nixpkgs/3a641defd170a4ef25ce8c7c64cb13f91f867fca#telnet",
      "source": "devbox-search",
      "version": "2.2",
      "systems": {
        "aarch64-darwin": {
          "store_path": "/nix/store/nvkns4jkah1qdkgkmgfisk7jh53v7wml-inetutils-2.2"
        },
        "x86_64-darwin": {
          "store_path": "/nix/store/8f52zdmsxv5j084m3lwcsy5042a6san9-inetutils-2.2"
        },
        "x86_64-linux": {
          "store_path": "/nix/store/ggg8qznaz77l88ph36nn50n7q21k605q-inetutils-2.2"
        }
      }
    },
    "tmux@latest": {
      "last_modified": "2022-06-07T02:20:12Z",
      "resolved": "github:NixOS/nixpkgs/d23be02c22add83d28588ac164dcbac733305b04#tmux",
      "source": "devbox-search",
      "version": "3.3",
      "systems": {
        "aarch64-darwin": {
          "store_path": "/nix/store/5cjql2qsrry8py5nxbc582v6ygplyq15-tmux-3.3"
        },
        "aarch64-linux": {
          "store_path": "/nix/store/d3w6mamrvhfklcqpdqzaxs2w0crf04i8-tmux-3.3"
        },
        "x86_64-darwin": {
          "store_path": "/nix/store/gsv76cwg8ss0inizmjnfwgwkyxzpwgzl-tmux-3.3"
        },
        "x86_64-linux": {
          "store_path": "/nix/store/qr266qpqrlfzm39ak93dx7h8iwnndmk2-tmux-3.3"
        }
      }
    },
    "wget@latest": {
      "last_modified": "2023-12-13T22:54:10Z",
      "resolved": "github:NixOS/nixpkgs/fd04bea4cbf76f86f244b9e2549fca066db8ddff#wget",
      "source": "devbox-search",
      "version": "1.21.4",
      "systems": {
        "aarch64-darwin": {
          "store_path": "/nix/store/jwl3y883wqhv6vc1y378xkmy28par3bd-wget-1.21.4"
        },
        "aarch64-linux": {
          "store_path": "/nix/store/3yh1458b26p43l5z2dr3qncfy1qmcc4c-wget-1.21.4"
        },
        "x86_64-darwin": {
          "store_path": "/nix/store/f8i21s8ppgnkhv3l1zviw3535vlh7ym5-wget-1.21.4"
        },
        "x86_64-linux": {
          "store_path": "/nix/store/xflxgibbr4kabs1h4mcpvv03j1i36n97-wget-1.21.4"
        }
      }
    },
    "yadm@latest": {
      "last_modified": "2023-12-13T22:54:10Z",
      "resolved": "github:NixOS/nixpkgs/fd04bea4cbf76f86f244b9e2549fca066db8ddff#yadm",
      "source": "devbox-search",
      "version": "3.2.2",
      "systems": {
        "aarch64-darwin": {
          "store_path": "/nix/store/v8h5k8r3gbrrc69zpc6pmd7vf4gy33kz-yadm-3.2.2"
        },
        "aarch64-linux": {
          "store_path": "/nix/store/d5i2psv3yvmhwhyskc2ickan0s8fgij6-yadm-3.2.2"
        },
        "x86_64-darwin": {
          "store_path": "/nix/store/wfqjdr2wwmy0i1figdbzgm7c7lgadlv9-yadm-3.2.2"
        },
        "x86_64-linux": {
          "store_path": "/nix/store/rsiqrr1kck6yi2bkjp446pphi97lp79n-yadm-3.2.2"
        }
      }
    },
    "zoxide@latest": {
      "last_modified": "2023-12-13T22:54:10Z",
      "resolved": "github:NixOS/nixpkgs/fd04bea4cbf76f86f244b9e2549fca066db8ddff#zoxide",
      "source": "devbox-search",
      "version": "2023-11-20",
      "systems": {
        "aarch64-darwin": {
          "store_path": "/nix/store/811qb9i39mwjwcnfwhynqjn4wil93c4q-zoxide-unstable-2023-11-20"
        },
        "aarch64-linux": {
          "store_path": "/nix/store/z4k08fh1xniwldb7ck3hyhvixh9j6g11-zoxide-unstable-2023-11-20"
        },
        "x86_64-darwin": {
          "store_path": "/nix/store/fmzwl6fyij0ayil5srwj5z3jfzbb0rn4-zoxide-unstable-2023-11-20"
        },
        "x86_64-linux": {
          "store_path": "/nix/store/nfh57scja0w8sa5yjq7lvqzxmdmyrpzr-zoxide-unstable-2023-11-20"
        }
      }
    }
  }
}
